
Microsoft Visual Studio Solution File, Format Version 12.00
# Visual Studio 2013
VisualStudioVersion = 12.0.30501.0
MinimumVisualStudioVersion = 10.0.40219.1
Project("{FAE04EC0-301F-11D3-BF4B-00C04F79EFBC}") = "MyTraceLogTest", "MyTraceLogTest\MyTraceLogTest.csproj", "{134F7216-038D-45EB-9DC4-2B7E481D7888}"
EndProject
Project("{FAE04EC0-301F-11D3-BF4B-00C04F79EFBC}") = "UI.Common.Tracers", "UI\Common\Tracers\UI.Common.Tracers.csproj", "{5889ADD1-867D-419A-8360-B123446E7B62}"
EndProject
Project("{FAE04EC0-301F-11D3-BF4B-00C04F79EFBC}") = "Common.Logger", "Common\Logger\Common.Logger.csproj", "{EA9D5268-C7F3-4B66-B62F-40DCA6D84296}"
EndProject
Global
	GlobalSection(SolutionConfigurationPlatforms) = preSolution
		Debug|Any CPU = Debug|Any CPU
		Release|Any CPU = Release|Any CPU
	EndGlobalSection
	GlobalSection(ProjectConfigurationPlatforms) = postSolution
		{134F7216-038D-45EB-9DC4-2B7E481D7888}.Debug|Any CPU.ActiveCfg = Debug|Any CPU
		{134F7216-038D-45EB-9DC4-2B7E481D7888}.Debug|Any CPU.Build.0 = Debug|Any CPU
		{134F7216-038D-45EB-9DC4-2B7E481D7888}.Release|Any CPU.ActiveCfg = Release|Any CPU
		{134F7216-038D-45EB-9DC4-2B7E481D7888}.Release|Any CPU.Build.0 = Release|Any CPU
		{5889ADD1-867D-419A-8360-B123446E7B62}.Debug|Any CPU.ActiveCfg = Debug|Any CPU
		{5889ADD1-867D-419A-8360-B123446E7B62}.Debug|Any CPU.Build.0 = Debug|Any CPU
		{5889ADD1-867D-419A-8360-B123446E7B62}.Release|Any CPU.ActiveCfg = Release|Any CPU
		{5889ADD1-867D-419A-8360-B123446E7B62}.Release|Any CPU.Build.0 = Release|Any CPU
		{EA9D5268-C7F3-4B66-B62F-40DCA6D84296}.Debug|Any CPU.ActiveCfg = Debug|Any CPU
		{EA9D5268-C7F3-4B66-B62F-40DCA6D84296}.Debug|Any CPU.Build.0 = Debug|Any CPU
		{EA9D5268-C7F3-4B66-B62F-40DCA6D84296}.Release|Any CPU.ActiveCfg = Release|Any CPU
		{EA9D5268-C7F3-4B66-B62F-40DCA6D84296}.Release|Any CPU.Build.0 = Release|Any CPU
	EndGlobalSection
	GlobalSection(SolutionProperties) = preSolution
		HideSolutionNode = FALSE
	EndGlobalSection
EndGlobal
